<?xml version="1.0" encoding="UTF-8" standalone="yes" ?>
<CodeBlocks_project_file>
	<FileVersion major="1" minor="6" />
	<Project>
		<Option title="TesteTemplate" />
		<Option pch_mode="2" />
		<Option compiler="gcc" />
		<Build>
			<Target title="Debug">
				<Option output=".\TesteTemplate" prefix_auto="1" extension_auto="1" />
				<Option object_output=".\" />
				<Option type="1" />
				<Option compiler="gcc" />
				<Option parameters="20" />
				<Compiler>
					<Add option="-g" />
				</Compiler>
			</Target>
			<Target title="Release">
				<Option output=".\TesteTemplate" prefix_auto="1" extension_auto="1" />
				<Option object_output=".\" />
				<Option type="1" />
				<Option compiler="gcc" />
				<Compiler>
					<Add option="-O2" />
				</Compiler>
				<Linker>
					<Add option="-s" />
				</Linker>
			</Target>
		</Build>
		<Compiler>
			<Add option="-Wall" />
			<Add option="-fexceptions" />
			<Add option="-DFREEGLUT_STATIC" />
			<Add directory="C:\Program Files\CodeBlocks\MinGW\include" />
			<Add directory="include" />
		</Compiler>
		<Linker>
			<Add library="libFreeGLUT.a" />
			<Add library="glu32" />
			<Add library="opengl32" />
			<Add library="winmm" />
			<Add library="gdi32" />
			<Add library="libjpeg-8b" />
			<Add directory="lib" />
		</Linker>
		<Unit filename="main.cpp" />
		<Extensions>
			<code_completion />
			<debugger />
		</Extensions>
	</Project>
</CodeBlocks_project_file>
